
Microsoft Visual Studio Solution File, Format Version 12.00
# Visual Studio Version 17
VisualStudioVersion = 17.14.36705.20 d17.14
MinimumVisualStudioVersion = 10.0.40219.1
Project("{FAE04EC0-301F-11D3-BF4B-00C04F79EFBC}") = "F48", "F48.csproj", "{E80576AB-CE3B-438C-8D4A-03D6FD4CEA8E}"
EndProject
Global
	GlobalSection(SolutionConfigurationPlatforms) = preSolution
		Debug|Any CPU = Debug|Any CPU
		Release|Any CPU = Release|Any CPU
	EndGlobalSection
	GlobalSection(ProjectConfigurationPlatforms) = postSolution
		{E80576AB-CE3B-438C-8D4A-03D6FD4CEA8E}.Debug|Any CPU.ActiveCfg = Debug|Any CPU
		{E80576AB-CE3B-438C-8D4A-03D6FD4CEA8E}.Debug|Any CPU.Build.0 = Debug|Any CPU
		{E80576AB-CE3B-438C-8D4A-03D6FD4CEA8E}.Release|Any CPU.ActiveCfg = Release|Any CPU
		{E80576AB-CE3B-438C-8D4A-03D6FD4CEA8E}.Release|Any CPU.Build.0 = Release|Any CPU
	EndGlobalSection
	GlobalSection(SolutionProperties) = preSolution
		HideSolutionNode = FALSE
	EndGlobalSection
	GlobalSection(ExtensibilityGlobals) = postSolution
		SolutionGuid = {11A13D75-66E5-4A01-8C33-5C67898BE261}
	EndGlobalSection
EndGlobal
